// !$*UTF8*$!
{
	archiveVersion = 1;
	classes = {
	};
	objectVersion = 50;
	objects = {

/* Begin PBXBuildFile section */
		3C39D54625A90CB700E6D62E /* NewMapViewController.m in Sources */ = {isa = PBXBuildFile; fileRef = 3C39D54525A90CB700E6D62E /* NewMapViewController.m */; };
		A841D6ED25A7FE9C0058195C /* WineSelectionViewController.swift in Sources */ = {isa = PBXBuildFile; fileRef = A841D6EC25A7FE9C0058195C /* WineSelectionViewController.swift */; };
		A85B1A5225A3EE9B00E3C54B /* Store.storyboard in Resources */ = {isa = PBXBuildFile; fileRef = A85B1A5125A3EE9B00E3C54B /* Store.storyboard */; };
		A85B1A5725A3F27000E3C54B /* Map.storyboard in Resources */ = {isa = PBXBuildFile; fileRef = A85B1A5625A3F27000E3C54B /* Map.storyboard */; };
		A85B1A5A25A3F27A00E3C54B /* Cart.storyboard in Resources */ = {isa = PBXBuildFile; fileRef = A85B1A5925A3F27A00E3C54B /* Cart.storyboard */; };
		A8A58A7B25A7B13400F8C18F /* WineCategory.swift in Sources */ = {isa = PBXBuildFile; fileRef = A8A58A7A25A7B13400F8C18F /* WineCategory.swift */; };
		A8A58A7E25A7B3B000F8C18F /* WineCategoryController.swift in Sources */ = {isa = PBXBuildFile; fileRef = A8A58A7D25A7B3B000F8C18F /* WineCategoryController.swift */; };
		A8A58A8125A7B68600F8C18F /* WineCategoryViewController.swift in Sources */ = {isa = PBXBuildFile; fileRef = A8A58A8025A7B68600F8C18F /* WineCategoryViewController.swift */; };
		A8A58A8425A7B73000F8C18F /* WineCategoryCollectionViewCell.swift in Sources */ = {isa = PBXBuildFile; fileRef = A8A58A8325A7B73000F8C18F /* WineCategoryCollectionViewCell.swift */; };
		A8C518282589C06000676CB3 /* AppDelegate.swift in Sources */ = {isa = PBXBuildFile; fileRef = A8C518272589C06000676CB3 /* AppDelegate.swift */; };
		A8C5182A2589C06000676CB3 /* SceneDelegate.swift in Sources */ = {isa = PBXBuildFile; fileRef = A8C518292589C06000676CB3 /* SceneDelegate.swift */; };
		A8C5182F2589C06000676CB3 /* Opening.storyboard in Resources */ = {isa = PBXBuildFile; fileRef = A8C5182D2589C06000676CB3 /* Opening.storyboard */; };
		A8C518312589C06200676CB3 /* Assets.xcassets in Resources */ = {isa = PBXBuildFile; fileRef = A8C518302589C06200676CB3 /* Assets.xcassets */; };
		A8C518342589C06200676CB3 /* LaunchScreen.storyboard in Resources */ = {isa = PBXBuildFile; fileRef = A8C518322589C06200676CB3 /* LaunchScreen.storyboard */; };
		A8E41EE825A7C6CE00FB89A8 /* WineSelection.swift in Sources */ = {isa = PBXBuildFile; fileRef = A8E41EE725A7C6CE00FB89A8 /* WineSelection.swift */; };
		A8E41EEB25A7CFDC00FB89A8 /* WineSelectionController.swift in Sources */ = {isa = PBXBuildFile; fileRef = A8E41EEA25A7CFDC00FB89A8 /* WineSelectionController.swift */; };
		A8E41EF225A7DDE100FB89A8 /* WineDetail.swift in Sources */ = {isa = PBXBuildFile; fileRef = A8E41EF125A7DDE100FB89A8 /* WineDetail.swift */; };
		A8E41EF525A7DEE000FB89A8 /* WineDetailController.swift in Sources */ = {isa = PBXBuildFile; fileRef = A8E41EF425A7DEE000FB89A8 /* WineDetailController.swift */; };
		A8F1821D25A566A5000C102D /* CustomUI.swift in Sources */ = {isa = PBXBuildFile; fileRef = A8F1821C25A566A5000C102D /* CustomUI.swift */; };
		CA4C4227258B0EED00B3F00A /* NFC_TagView.storyboard in Resources */ = {isa = PBXBuildFile; fileRef = CA4C4226258B0EED00B3F00A /* NFC_TagView.storyboard */; };
		CA4C4234258B118800B3F00A /* NFC_TagViewController.swift in Sources */ = {isa = PBXBuildFile; fileRef = CA4C4233258B118800B3F00A /* NFC_TagViewController.swift */; };
		CA89924A25A428CA0052BE6B /* CartViewController.swift in Sources */ = {isa = PBXBuildFile; fileRef = CA89924925A428CA0052BE6B /* CartViewController.swift */; };
		CA89924D25A4DAFD0052BE6B /* ShoppingCart.swift in Sources */ = {isa = PBXBuildFile; fileRef = CA89924C25A4DAFD0052BE6B /* ShoppingCart.swift */; };
		CA89925125A4DE7C0052BE6B /* ShoppingCartController.swift in Sources */ = {isa = PBXBuildFile; fileRef = CA89925025A4DE7C0052BE6B /* ShoppingCartController.swift */; };
		CA89925525A4E3E70052BE6B /* ProductTableViewCell.swift in Sources */ = {isa = PBXBuildFile; fileRef = CA89925425A4E3E70052BE6B /* ProductTableViewCell.swift */; };
		CA89927925A7FB580052BE6B /* CartTabViewController.swift in Sources */ = {isa = PBXBuildFile; fileRef = CA89927825A7FB580052BE6B /* CartTabViewController.swift */; };
/* End PBXBuildFile section */

/* Begin PBXFileReference section */
		3C39D54325A90CB700E6D62E /* Wine Flight-Bridging-Header.h */ = {isa = PBXFileReference; lastKnownFileType = sourcecode.c.h; path = "Wine Flight-Bridging-Header.h"; sourceTree = "<group>"; };
		3C39D54425A90CB700E6D62E /* NewMapViewController.h */ = {isa = PBXFileReference; lastKnownFileType = sourcecode.c.h; path = NewMapViewController.h; sourceTree = "<group>"; };
		3C39D54525A90CB700E6D62E /* NewMapViewController.m */ = {isa = PBXFileReference; lastKnownFileType = sourcecode.c.objc; path = NewMapViewController.m; sourceTree = "<group>"; };
		A841D6EC25A7FE9C0058195C /* WineSelectionViewController.swift */ = {isa = PBXFileReference; lastKnownFileType = sourcecode.swift; path = WineSelectionViewController.swift; sourceTree = "<group>"; };
		A85B1A5125A3EE9B00E3C54B /* Store.storyboard */ = {isa = PBXFileReference; lastKnownFileType = file.storyboard; path = Store.storyboard; sourceTree = "<group>"; };
		A85B1A5625A3F27000E3C54B /* Map.storyboard */ = {isa = PBXFileReference; lastKnownFileType = file.storyboard; path = Map.storyboard; sourceTree = "<group>"; };
		A85B1A5925A3F27A00E3C54B /* Cart.storyboard */ = {isa = PBXFileReference; lastKnownFileType = file.storyboard; path = Cart.storyboard; sourceTree = "<group>"; };
		A8A58A7A25A7B13400F8C18F /* WineCategory.swift */ = {isa = PBXFileReference; lastKnownFileType = sourcecode.swift; path = WineCategory.swift; sourceTree = "<group>"; };
		A8A58A7D25A7B3B000F8C18F /* WineCategoryController.swift */ = {isa = PBXFileReference; lastKnownFileType = sourcecode.swift; path = WineCategoryController.swift; sourceTree = "<group>"; };
		A8A58A8025A7B68600F8C18F /* WineCategoryViewController.swift */ = {isa = PBXFileReference; lastKnownFileType = sourcecode.swift; path = WineCategoryViewController.swift; sourceTree = "<group>"; };
		A8A58A8325A7B73000F8C18F /* WineCategoryCollectionViewCell.swift */ = {isa = PBXFileReference; lastKnownFileType = sourcecode.swift; path = WineCategoryCollectionViewCell.swift; sourceTree = "<group>"; };
		A8C518242589C06000676CB3 /* Wine Flight.app */ = {isa = PBXFileReference; explicitFileType = wrapper.application; includeInIndex = 0; path = "Wine Flight.app"; sourceTree = BUILT_PRODUCTS_DIR; };
		A8C518272589C06000676CB3 /* AppDelegate.swift */ = {isa = PBXFileReference; lastKnownFileType = sourcecode.swift; path = AppDelegate.swift; sourceTree = "<group>"; };
		A8C518292589C06000676CB3 /* SceneDelegate.swift */ = {isa = PBXFileReference; lastKnownFileType = sourcecode.swift; path = SceneDelegate.swift; sourceTree = "<group>"; };
		A8C5182E2589C06000676CB3 /* Base */ = {isa = PBXFileReference; lastKnownFileType = file.storyboard; name = Base; path = Base.lproj/Opening.storyboard; sourceTree = "<group>"; };
		A8C518302589C06200676CB3 /* Assets.xcassets */ = {isa = PBXFileReference; lastKnownFileType = folder.assetcatalog; path = Assets.xcassets; sourceTree = "<group>"; };
		A8C518332589C06200676CB3 /* Base */ = {isa = PBXFileReference; lastKnownFileType = file.storyboard; name = Base; path = Base.lproj/LaunchScreen.storyboard; sourceTree = "<group>"; };
		A8C518352589C06200676CB3 /* Info.plist */ = {isa = PBXFileReference; lastKnownFileType = text.plist.xml; path = Info.plist; sourceTree = "<group>"; };
		A8E41EE725A7C6CE00FB89A8 /* WineSelection.swift */ = {isa = PBXFileReference; lastKnownFileType = sourcecode.swift; path = WineSelection.swift; sourceTree = "<group>"; };
		A8E41EEA25A7CFDC00FB89A8 /* WineSelectionController.swift */ = {isa = PBXFileReference; lastKnownFileType = sourcecode.swift; path = WineSelectionController.swift; sourceTree = "<group>"; };
		A8E41EF125A7DDE100FB89A8 /* WineDetail.swift */ = {isa = PBXFileReference; lastKnownFileType = sourcecode.swift; path = WineDetail.swift; sourceTree = "<group>"; };
		A8E41EF425A7DEE000FB89A8 /* WineDetailController.swift */ = {isa = PBXFileReference; lastKnownFileType = sourcecode.swift; path = WineDetailController.swift; sourceTree = "<group>"; };
		A8F1821C25A566A5000C102D /* CustomUI.swift */ = {isa = PBXFileReference; lastKnownFileType = sourcecode.swift; path = CustomUI.swift; sourceTree = "<group>"; };
		CA4C4226258B0EED00B3F00A /* NFC_TagView.storyboard */ = {isa = PBXFileReference; lastKnownFileType = file.storyboard; path = NFC_TagView.storyboard; sourceTree = "<group>"; };
		CA4C4233258B118800B3F00A /* NFC_TagViewController.swift */ = {isa = PBXFileReference; lastKnownFileType = sourcecode.swift; path = NFC_TagViewController.swift; sourceTree = "<group>"; };
		CA4C4236258C373B00B3F00A /* Wine Flight.entitlements */ = {isa = PBXFileReference; lastKnownFileType = text.plist.entitlements; path = "Wine Flight.entitlements"; sourceTree = "<group>"; };
		CA89924925A428CA0052BE6B /* CartViewController.swift */ = {isa = PBXFileReference; lastKnownFileType = sourcecode.swift; path = CartViewController.swift; sourceTree = "<group>"; };
		CA89924C25A4DAFD0052BE6B /* ShoppingCart.swift */ = {isa = PBXFileReference; lastKnownFileType = sourcecode.swift; path = ShoppingCart.swift; sourceTree = "<group>"; };
		CA89925025A4DE7C0052BE6B /* ShoppingCartController.swift */ = {isa = PBXFileReference; lastKnownFileType = sourcecode.swift; path = ShoppingCartController.swift; sourceTree = "<group>"; };
		CA89925425A4E3E70052BE6B /* ProductTableViewCell.swift */ = {isa = PBXFileReference; lastKnownFileType = sourcecode.swift; path = ProductTableViewCell.swift; sourceTree = "<group>"; };
		CA89927825A7FB580052BE6B /* CartTabViewController.swift */ = {isa = PBXFileReference; lastKnownFileType = sourcecode.swift; path = CartTabViewController.swift; sourceTree = "<group>"; };
/* End PBXFileReference section */

/* Begin PBXFrameworksBuildPhase section */
		A8C518212589C06000676CB3 /* Frameworks */ = {
			isa = PBXFrameworksBuildPhase;
			buildActionMask = 2147483647;
			files = (
			);
			runOnlyForDeploymentPostprocessing = 0;
		};
/* End PBXFrameworksBuildPhase section */

/* Begin PBXGroup section */
		A80D8B5525A3E9BC00C2EBFC /* App Resources */ = {
			isa = PBXGroup;
			children = (
				A8C518272589C06000676CB3 /* AppDelegate.swift */,
				A8C518292589C06000676CB3 /* SceneDelegate.swift */,
				A8C518302589C06200676CB3 /* Assets.xcassets */,
				A8C518352589C06200676CB3 /* Info.plist */,
			);
			path = "App Resources";
			sourceTree = "<group>";
		};
		A80D8B5725A3EBA400C2EBFC /* Controllers */ = {
			isa = PBXGroup;
			children = (
				A85B1A4C25A3EC4900E3C54B /* ModelControllers */,
				A85B1A4B25A3EC4300E3C54B /* ViewControllers */,
			);
			path = Controllers;
			sourceTree = "<group>";
		};
		A80D8B5825A3EBA600C2EBFC /* Views */ = {
			isa = PBXGroup;
			children = (
				A8F1821B25A5669B000C102D /* CustomUI */,
				A85B1A4A25A3EC3C00E3C54B /* Cells */,
				A85B1A4925A3EC3600E3C54B /* Storyboards */,
			);
			path = Views;
			sourceTree = "<group>";
		};
		A80D8B5925A3EBA900C2EBFC /* Models */ = {
			isa = PBXGroup;
			children = (
				A8A58A7A25A7B13400F8C18F /* WineCategory.swift */,
				A8E41EE725A7C6CE00FB89A8 /* WineSelection.swift */,
				A8E41EF125A7DDE100FB89A8 /* WineDetail.swift */,
				CA89924C25A4DAFD0052BE6B /* ShoppingCart.swift */,
			);
			path = Models;
			sourceTree = "<group>";
		};
		A85B1A4925A3EC3600E3C54B /* Storyboards */ = {
			isa = PBXGroup;
			children = (
				CA4C4226258B0EED00B3F00A /* NFC_TagView.storyboard */,
				A85B1A5525A3F26200E3C54B /* Cart */,
				A85B1A5425A3F25B00E3C54B /* Map */,
				A85B1A5025A3EE8B00E3C54B /* Store */,
				A85B1A4D25A3EC5700E3C54B /* Launch */,
				A85B1A4E25A3EC6000E3C54B /* Opening */,
			);
			path = Storyboards;
			sourceTree = "<group>";
		};
		A85B1A4A25A3EC3C00E3C54B /* Cells */ = {
			isa = PBXGroup;
			children = (
				A8DA0C4125A4BA1D00E6C1B2 /* Store */,
				CA89925425A4E3E70052BE6B /* ProductTableViewCell.swift */,
			);
			path = Cells;
			sourceTree = "<group>";
		};
		A85B1A4B25A3EC4300E3C54B /* ViewControllers */ = {
			isa = PBXGroup;
			children = (
				CA89926F25A7F7CB0052BE6B /* Map */,
				CA89924825A428A90052BE6B /* Cart */,
				CA89924725A4289D0052BE6B /* NFC */,
				A8DA0C4925A4BC9A00E6C1B2 /* Store */,
			);
			path = ViewControllers;
			sourceTree = "<group>";
		};
		A85B1A4C25A3EC4900E3C54B /* ModelControllers */ = {
			isa = PBXGroup;
			children = (
				A8A58A7D25A7B3B000F8C18F /* WineCategoryController.swift */,
				A8E41EEA25A7CFDC00FB89A8 /* WineSelectionController.swift */,
				A8E41EF425A7DEE000FB89A8 /* WineDetailController.swift */,
				CA89924F25A4DE630052BE6B /* CartController */,
			);
			path = ModelControllers;
			sourceTree = "<group>";
		};
		A85B1A4D25A3EC5700E3C54B /* Launch */ = {
			isa = PBXGroup;
			children = (
				A8C518322589C06200676CB3 /* LaunchScreen.storyboard */,
			);
			path = Launch;
			sourceTree = "<group>";
		};
		A85B1A4E25A3EC6000E3C54B /* Opening */ = {
			isa = PBXGroup;
			children = (
				A8C5182D2589C06000676CB3 /* Opening.storyboard */,
			);
			path = Opening;
			sourceTree = "<group>";
		};
		A85B1A5025A3EE8B00E3C54B /* Store */ = {
			isa = PBXGroup;
			children = (
				A85B1A5125A3EE9B00E3C54B /* Store.storyboard */,
			);
			path = Store;
			sourceTree = "<group>";
		};
		A85B1A5425A3F25B00E3C54B /* Map */ = {
			isa = PBXGroup;
			children = (
				A85B1A5625A3F27000E3C54B /* Map.storyboard */,
			);
			path = Map;
			sourceTree = "<group>";
		};
		A85B1A5525A3F26200E3C54B /* Cart */ = {
			isa = PBXGroup;
			children = (
				A85B1A5925A3F27A00E3C54B /* Cart.storyboard */,
			);
			path = Cart;
			sourceTree = "<group>";
		};
		A8C5181B2589C06000676CB3 = {
			isa = PBXGroup;
			children = (
				A8C518262589C06000676CB3 /* Wine Flight */,
				A8C518252589C06000676CB3 /* Products */,
			);
			sourceTree = "<group>";
		};
		A8C518252589C06000676CB3 /* Products */ = {
			isa = PBXGroup;
			children = (
				A8C518242589C06000676CB3 /* Wine Flight.app */,
			);
			name = Products;
			sourceTree = "<group>";
		};
		A8C518262589C06000676CB3 /* Wine Flight */ = {
			isa = PBXGroup;
			children = (
				A80D8B5925A3EBA900C2EBFC /* Models */,
				A80D8B5825A3EBA600C2EBFC /* Views */,
				A80D8B5725A3EBA400C2EBFC /* Controllers */,
				CA4C4236258C373B00B3F00A /* Wine Flight.entitlements */,
				A80D8B5525A3E9BC00C2EBFC /* App Resources */,
			);
			path = "Wine Flight";
			sourceTree = "<group>";
		};
		A8DA0C4125A4BA1D00E6C1B2 /* Store */ = {
			isa = PBXGroup;
			children = (
				A8A58A8325A7B73000F8C18F /* WineCategoryCollectionViewCell.swift */,
			);
			path = Store;
			sourceTree = "<group>";
		};
		A8DA0C4925A4BC9A00E6C1B2 /* Store */ = {
			isa = PBXGroup;
			children = (
				A8A58A8025A7B68600F8C18F /* WineCategoryViewController.swift */,
				A841D6EC25A7FE9C0058195C /* WineSelectionViewController.swift */,
			);
			path = Store;
			sourceTree = "<group>";
		};
		A8F1821B25A5669B000C102D /* CustomUI */ = {
			isa = PBXGroup;
			children = (
				A8F1821C25A566A5000C102D /* CustomUI.swift */,
			);
			path = CustomUI;
			sourceTree = "<group>";
		};
		CA89924725A4289D0052BE6B /* NFC */ = {
			isa = PBXGroup;
			children = (
				CA4C4233258B118800B3F00A /* NFC_TagViewController.swift */,
			);
			path = NFC;
			sourceTree = "<group>";
		};
		CA89924825A428A90052BE6B /* Cart */ = {
			isa = PBXGroup;
			children = (
				CA89924925A428CA0052BE6B /* CartViewController.swift */,
			);
			path = Cart;
			sourceTree = "<group>";
		};
		CA89924F25A4DE630052BE6B /* CartController */ = {
			isa = PBXGroup;
			children = (
				CA89925025A4DE7C0052BE6B /* ShoppingCartController.swift */,
				CA89927825A7FB580052BE6B /* CartTabViewController.swift */,
			);
			path = CartController;
			sourceTree = "<group>";
		};
		CA89926F25A7F7CB0052BE6B /* Map */ = {
			isa = PBXGroup;
			children = (
				3C39D54425A90CB700E6D62E /* NewMapViewController.h */,
				3C39D54525A90CB700E6D62E /* NewMapViewController.m */,
				3C39D54325A90CB700E6D62E /* Wine Flight-Bridging-Header.h */,
			);
			path = Map;
			sourceTree = "<group>";
		};
/* End PBXGroup section */

/* Begin PBXNativeTarget section */
		A8C518232589C06000676CB3 /* Wine Flight */ = {
			isa = PBXNativeTarget;
			buildConfigurationList = A8C518382589C06200676CB3 /* Build configuration list for PBXNativeTarget "Wine Flight" */;
			buildPhases = (
				A8C518202589C06000676CB3 /* Sources */,
				A8C518212589C06000676CB3 /* Frameworks */,
				A8C518222589C06000676CB3 /* Resources */,
			);
			buildRules = (
			);
			dependencies = (
			);
			name = "Wine Flight";
			productName = "Wine Flight";
			productReference = A8C518242589C06000676CB3 /* Wine Flight.app */;
			productType = "com.apple.product-type.application";
		};
/* End PBXNativeTarget section */

/* Begin PBXProject section */
		A8C5181C2589C06000676CB3 /* Project object */ = {
			isa = PBXProject;
			attributes = {
				LastSwiftUpdateCheck = 1220;
				LastUpgradeCheck = 1220;
				TargetAttributes = {
					A8C518232589C06000676CB3 = {
						CreatedOnToolsVersion = 12.2;
						LastSwiftMigration = 1230;
					};
				};
			};
			buildConfigurationList = A8C5181F2589C06000676CB3 /* Build configuration list for PBXProject "Wine Flight" */;
			compatibilityVersion = "Xcode 9.3";
			developmentRegion = en;
			hasScannedForEncodings = 0;
			knownRegions = (
				en,
				Base,
			);
			mainGroup = A8C5181B2589C06000676CB3;
			productRefGroup = A8C518252589C06000676CB3 /* Products */;
			projectDirPath = "";
			projectRoot = "";
			targets = (
				A8C518232589C06000676CB3 /* Wine Flight */,
			);
		};
/* End PBXProject section */

/* Begin PBXResourcesBuildPhase section */
		A8C518222589C06000676CB3 /* Resources */ = {
			isa = PBXResourcesBuildPhase;
			buildActionMask = 2147483647;
			files = (
				A8C518342589C06200676CB3 /* LaunchScreen.storyboard in Resources */,
				A8C518312589C06200676CB3 /* Assets.xcassets in Resources */,
				A85B1A5225A3EE9B00E3C54B /* Store.storyboard in Resources */,
				CA4C4227258B0EED00B3F00A /* NFC_TagView.storyboard in Resources */,
				A8C5182F2589C06000676CB3 /* Opening.storyboard in Resources */,
				A85B1A5725A3F27000E3C54B /* Map.storyboard in Resources */,
				A85B1A5A25A3F27A00E3C54B /* Cart.storyboard in Resources */,
			);
			runOnlyForDeploymentPostprocessing = 0;
		};
/* End PBXResourcesBuildPhase section */

/* Begin PBXSourcesBuildPhase section */
		A8C518202589C06000676CB3 /* Sources */ = {
			isa = PBXSourcesBuildPhase;
			buildActionMask = 2147483647;
			files = (
				3C39D54625A90CB700E6D62E /* NewMapViewController.m in Sources */,
				A8E41EF225A7DDE100FB89A8 /* WineDetail.swift in Sources */,
				A8C518282589C06000676CB3 /* AppDelegate.swift in Sources */,
				A8A58A7B25A7B13400F8C18F /* WineCategory.swift in Sources */,
				A8A58A8125A7B68600F8C18F /* WineCategoryViewController.swift in Sources */,
				A8E41EE825A7C6CE00FB89A8 /* WineSelection.swift in Sources */,
				A8A58A7E25A7B3B000F8C18F /* WineCategoryController.swift in Sources */,
				CA89924A25A428CA0052BE6B /* CartViewController.swift in Sources */,
				CA89925125A4DE7C0052BE6B /* ShoppingCartController.swift in Sources */,
				CA89925525A4E3E70052BE6B /* ProductTableViewCell.swift in Sources */,
				CA89927925A7FB580052BE6B /* CartTabViewController.swift in Sources */,
				CA89924D25A4DAFD0052BE6B /* ShoppingCart.swift in Sources */,
				A8F1821D25A566A5000C102D /* CustomUI.swift in Sources */,
				A8C5182A2589C06000676CB3 /* SceneDelegate.swift in Sources */,
				CA4C4234258B118800B3F00A /* NFC_TagViewController.swift in Sources */,
				A8A58A8425A7B73000F8C18F /* WineCategoryCollectionViewCell.swift in Sources */,
				A841D6ED25A7FE9C0058195C /* WineSelectionViewController.swift in Sources */,
				A8E41EEB25A7CFDC00FB89A8 /* WineSelectionController.swift in Sources */,
				A8E41EF525A7DEE000FB89A8 /* WineDetailController.swift in Sources */,
			);
			runOnlyForDeploymentPostprocessing = 0;
		};
/* End PBXSourcesBuildPhase section */

/* Begin PBXVariantGroup section */
		A8C5182D2589C06000676CB3 /* Opening.storyboard */ = {
			isa = PBXVariantGroup;
			children = (
				A8C5182E2589C06000676CB3 /* Base */,
			);
			name = Opening.storyboard;
			sourceTree = "<group>";
		};
		A8C518322589C06200676CB3 /* LaunchScreen.storyboard */ = {
			isa = PBXVariantGroup;
			children = (
				A8C518332589C06200676CB3 /* Base */,
			);
			name = LaunchScreen.storyboard;
			sourceTree = "<group>";
		};
/* End PBXVariantGroup section */

/* Begin XCBuildConfiguration section */
		A8C518362589C06200676CB3 /* Debug */ = {
			isa = XCBuildConfiguration;
			buildSettings = {
				ALWAYS_SEARCH_USER_PATHS = NO;
				CLANG_ANALYZER_NONNULL = YES;
				CLANG_ANALYZER_NUMBER_OBJECT_CONVERSION = YES_AGGRESSIVE;
				CLANG_CXX_LANGUAGE_STANDARD = "gnu++14";
				CLANG_CXX_LIBRARY = "libc++";
				CLANG_ENABLE_MODULES = YES;
				CLANG_ENABLE_OBJC_ARC = YES;
				CLANG_ENABLE_OBJC_WEAK = YES;
				CLANG_WARN_BLOCK_CAPTURE_AUTORELEASING = YES;
				CLANG_WARN_BOOL_CONVERSION = YES;
				CLANG_WARN_COMMA = YES;
				CLANG_WARN_CONSTANT_CONVERSION = YES;
				CLANG_WARN_DEPRECATED_OBJC_IMPLEMENTATIONS = YES;
				CLANG_WARN_DIRECT_OBJC_ISA_USAGE = YES_ERROR;
				CLANG_WARN_DOCUMENTATION_COMMENTS = YES;
				CLANG_WARN_EMPTY_BODY = YES;
				CLANG_WARN_ENUM_CONVERSION = YES;
				CLANG_WARN_INFINITE_RECURSION = YES;
				CLANG_WARN_INT_CONVERSION = YES;
				CLANG_WARN_NON_LITERAL_NULL_CONVERSION = YES;
				CLANG_WARN_OBJC_IMPLICIT_RETAIN_SELF = YES;
				CLANG_WARN_OBJC_LITERAL_CONVERSION = YES;
				CLANG_WARN_OBJC_ROOT_CLASS = YES_ERROR;
				CLANG_WARN_QUOTED_INCLUDE_IN_FRAMEWORK_HEADER = YES;
				CLANG_WARN_RANGE_LOOP_ANALYSIS = YES;
				CLANG_WARN_STRICT_PROTOTYPES = YES;
				CLANG_WARN_SUSPICIOUS_MOVE = YES;
				CLANG_WARN_UNGUARDED_AVAILABILITY = YES_AGGRESSIVE;
				CLANG_WARN_UNREACHABLE_CODE = YES;
				CLANG_WARN__DUPLICATE_METHOD_MATCH = YES;
				COPY_PHASE_STRIP = NO;
				DEBUG_INFORMATION_FORMAT = dwarf;
				ENABLE_STRICT_OBJC_MSGSEND = YES;
				ENABLE_TESTABILITY = YES;
				GCC_C_LANGUAGE_STANDARD = gnu11;
				GCC_DYNAMIC_NO_PIC = NO;
				GCC_NO_COMMON_BLOCKS = YES;
				GCC_OPTIMIZATION_LEVEL = 0;
				GCC_PREPROCESSOR_DEFINITIONS = (
					"DEBUG=1",
					"$(inherited)",
				);
				GCC_WARN_64_TO_32_BIT_CONVERSION = YES;
				GCC_WARN_ABOUT_RETURN_TYPE = YES_ERROR;
				GCC_WARN_UNDECLARED_SELECTOR = YES;
				GCC_WARN_UNINITIALIZED_AUTOS = YES_AGGRESSIVE;
				GCC_WARN_UNUSED_FUNCTION = YES;
				GCC_WARN_UNUSED_VARIABLE = YES;
				IPHONEOS_DEPLOYMENT_TARGET = 14.2;
				MTL_ENABLE_DEBUG_INFO = INCLUDE_SOURCE;
				MTL_FAST_MATH = YES;
				ONLY_ACTIVE_ARCH = YES;
				SDKROOT = iphoneos;
				SWIFT_ACTIVE_COMPILATION_CONDITIONS = DEBUG;
				SWIFT_OPTIMIZATION_LEVEL = "-Onone";
			};
			name = Debug;
		};
		A8C518372589C06200676CB3 /* Release */ = {
			isa = XCBuildConfiguration;
			buildSettings = {
				ALWAYS_SEARCH_USER_PATHS = NO;
				CLANG_ANALYZER_NONNULL = YES;
				CLANG_ANALYZER_NUMBER_OBJECT_CONVERSION = YES_AGGRESSIVE;
				CLANG_CXX_LANGUAGE_STANDARD = "gnu++14";
				CLANG_CXX_LIBRARY = "libc++";
				CLANG_ENABLE_MODULES = YES;
				CLANG_ENABLE_OBJC_ARC = YES;
				CLANG_ENABLE_OBJC_WEAK = YES;
				CLANG_WARN_BLOCK_CAPTURE_AUTORELEASING = YES;
				CLANG_WARN_BOOL_CONVERSION = YES;
				CLANG_WARN_COMMA = YES;
				CLANG_WARN_CONSTANT_CONVERSION = YES;
				CLANG_WARN_DEPRECATED_OBJC_IMPLEMENTATIONS = YES;
				CLANG_WARN_DIRECT_OBJC_ISA_USAGE = YES_ERROR;
				CLANG_WARN_DOCUMENTATION_COMMENTS = YES;
				CLANG_WARN_EMPTY_BODY = YES;
				CLANG_WARN_ENUM_CONVERSION = YES;
				CLANG_WARN_INFINITE_RECURSION = YES;
				CLANG_WARN_INT_CONVERSION = YES;
				CLANG_WARN_NON_LITERAL_NULL_CONVERSION = YES;
				CLANG_WARN_OBJC_IMPLICIT_RETAIN_SELF = YES;
				CLANG_WARN_OBJC_LITERAL_CONVERSION = YES;
				CLANG_WARN_OBJC_ROOT_CLASS = YES_ERROR;
				CLANG_WARN_QUOTED_INCLUDE_IN_FRAMEWORK_HEADER = YES;
				CLANG_WARN_RANGE_LOOP_ANALYSIS = YES;
				CLANG_WARN_STRICT_PROTOTYPES = YES;
				CLANG_WARN_SUSPICIOUS_MOVE = YES;
				CLANG_WARN_UNGUARDED_AVAILABILITY = YES_AGGRESSIVE;
				CLANG_WARN_UNREACHABLE_CODE = YES;
				CLANG_WARN__DUPLICATE_METHOD_MATCH = YES;
				COPY_PHASE_STRIP = NO;
				DEBUG_INFORMATION_FORMAT = "dwarf-with-dsym";
				ENABLE_NS_ASSERTIONS = NO;
				ENABLE_STRICT_OBJC_MSGSEND = YES;
				GCC_C_LANGUAGE_STANDARD = gnu11;
				GCC_NO_COMMON_BLOCKS = YES;
				GCC_WARN_64_TO_32_BIT_CONVERSION = YES;
				GCC_WARN_ABOUT_RETURN_TYPE = YES_ERROR;
				GCC_WARN_UNDECLARED_SELECTOR = YES;
				GCC_WARN_UNINITIALIZED_AUTOS = YES_AGGRESSIVE;
				GCC_WARN_UNUSED_FUNCTION = YES;
				GCC_WARN_UNUSED_VARIABLE = YES;
				IPHONEOS_DEPLOYMENT_TARGET = 14.2;
				MTL_ENABLE_DEBUG_INFO = NO;
				MTL_FAST_MATH = YES;
				SDKROOT = iphoneos;
				SWIFT_COMPILATION_MODE = wholemodule;
				SWIFT_OPTIMIZATION_LEVEL = "-O";
				VALIDATE_PRODUCT = YES;
			};
			name = Release;
		};
		A8C518392589C06200676CB3 /* Debug */ = {
			isa = XCBuildConfiguration;
			buildSettings = {
				ASSETCATALOG_COMPILER_APPICON_NAME = AppIcon;
				ASSETCATALOG_COMPILER_GLOBAL_ACCENT_COLOR_NAME = AccentColor;
				CLANG_ENABLE_MODULES = YES;
				CODE_SIGN_ENTITLEMENTS = "Wine Flight/Wine Flight.entitlements";
				CODE_SIGN_STYLE = Automatic;
				DEVELOPMENT_TEAM = VXUQXR6S56;
				INFOPLIST_FILE = "Wine Flight/App Resources/Info.plist";
				IPHONEOS_DEPLOYMENT_TARGET = 14.0;
				LD_RUNPATH_SEARCH_PATHS = (
					"$(inherited)",
					"@executable_path/Frameworks",
				);
				PRODUCT_BUNDLE_IDENTIFIER = com.LambdaSchool.WineFlight2;
				PRODUCT_NAME = "$(TARGET_NAME)";
				SWIFT_OBJC_BRIDGING_HEADER = "Wine Flight/Controllers/ViewControllers/Map/Wine Flight-Bridging-Header.h";
				SWIFT_OPTIMIZATION_LEVEL = "-Onone";
				SWIFT_VERSION = 5.0;
				TARGETED_DEVICE_FAMILY = "1,2";
			};
			name = Debug;
		};
		A8C5183A2589C06200676CB3 /* Release */ = {
			isa = XCBuildConfiguration;
			buildSettings = {
				ASSETCATALOG_COMPILER_APPICON_NAME = AppIcon;
				ASSETCATALOG_COMPILER_GLOBAL_ACCENT_COLOR_NAME = AccentColor;
				CLANG_ENABLE_MODULES = YES;
				CODE_SIGN_ENTITLEMENTS = "Wine Flight/Wine Flight.entitlements";
				CODE_SIGN_STYLE = Automatic;
				DEVELOPMENT_TEAM = VXUQXR6S56;
				INFOPLIST_FILE = "Wine Flight/App Resources/Info.plist";
				IPHONEOS_DEPLOYMENT_TARGET = 14.0;
				LD_RUNPATH_SEARCH_PATHS = (
					"$(inherited)",
					"@executable_path/Frameworks",
				);
				PRODUCT_BUNDLE_IDENTIFIER = com.LambdaSchool.WineFlight2;
				PRODUCT_NAME = "$(TARGET_NAME)";
				SWIFT_OBJC_BRIDGING_HEADER = "Wine Flight/Controllers/ViewControllers/Map/Wine Flight-Bridging-Header.h";
				SWIFT_VERSION = 5.0;
				TARGETED_DEVICE_FAMILY = "1,2";
			};
			name = Release;
		};
/* End XCBuildConfiguration section */

/* Begin XCConfigurationList section */
		A8C5181F2589C06000676CB3 /* Build configuration list for PBXProject "Wine Flight" */ = {
			isa = XCConfigurationList;
			buildConfigurations = (
				A8C518362589C06200676CB3 /* Debug */,
				A8C518372589C06200676CB3 /* Release */,
			);
			defaultConfigurationIsVisible = 0;
			defaultConfigurationName = Release;
		};
		A8C518382589C06200676CB3 /* Build configuration list for PBXNativeTarget "Wine Flight" */ = {
			isa = XCConfigurationList;
			buildConfigurations = (
				A8C518392589C06200676CB3 /* Debug */,
				A8C5183A2589C06200676CB3 /* Release */,
			);
			defaultConfigurationIsVisible = 0;
			defaultConfigurationName = Release;
		};
/* End XCConfigurationList section */
	};
	rootObject = A8C5181C2589C06000676CB3 /* Project object */;
}
